
Microsoft Visual Studio Solution File, Format Version 12.00
# Visual Studio 15
VisualStudioVersion = 15.0.27004.2005
MinimumVisualStudioVersion = 10.0.40219.1
Project("{FAE04EC0-301F-11D3-BF4B-00C04F79EFBC}") = "SnivellingGit", "src\SnivellingGit\SnivellingGit.csproj", "{D251ACD4-2424-4B0D-B443-F06517233150}"
EndProject
Project("{FAE04EC0-301F-11D3-BF4B-00C04F79EFBC}") = "Sg.Unit.Tests", "src\Sg.Unit.Tests\Sg.Unit.Tests.csproj", "{14CBDCF3-A8A1-4543-BCA5-A5BA6C2B010C}"
EndProject
Project("{2150E333-8FDC-42A3-9474-1A3956D46DE8}") = "_Info", "_Info", "{941BA215-66E3-4F73-8435-3971161B711D}"
	ProjectSection(SolutionItems) = preProject
		README.md = README.md
	EndProjectSection
EndProject
Project("{FAE04EC0-301F-11D3-BF4B-00C04F79EFBC}") = "Sg.Web", "src\Sg.Web\Sg.Web.csproj", "{D4CB402E-A876-4FAD-84A6-BD163E15E154}"
EndProject
Global
	GlobalSection(SolutionConfigurationPlatforms) = preSolution
		AppVeyor|Any CPU = AppVeyor|Any CPU
		Debug|Any CPU = Debug|Any CPU
		Release|Any CPU = Release|Any CPU
	EndGlobalSection
	GlobalSection(ProjectConfigurationPlatforms) = postSolution
		{D251ACD4-2424-4B0D-B443-F06517233150}.AppVeyor|Any CPU.ActiveCfg = AppVeyor|Any CPU
		{D251ACD4-2424-4B0D-B443-F06517233150}.AppVeyor|Any CPU.Build.0 = AppVeyor|Any CPU
		{D251ACD4-2424-4B0D-B443-F06517233150}.Debug|Any CPU.ActiveCfg = Debug|Any CPU
		{D251ACD4-2424-4B0D-B443-F06517233150}.Debug|Any CPU.Build.0 = Debug|Any CPU
		{D251ACD4-2424-4B0D-B443-F06517233150}.Release|Any CPU.ActiveCfg = Release|Any CPU
		{D251ACD4-2424-4B0D-B443-F06517233150}.Release|Any CPU.Build.0 = Release|Any CPU
		{14CBDCF3-A8A1-4543-BCA5-A5BA6C2B010C}.AppVeyor|Any CPU.ActiveCfg = AppVeyor|Any CPU
		{14CBDCF3-A8A1-4543-BCA5-A5BA6C2B010C}.AppVeyor|Any CPU.Build.0 = AppVeyor|Any CPU
		{14CBDCF3-A8A1-4543-BCA5-A5BA6C2B010C}.Debug|Any CPU.ActiveCfg = Debug|Any CPU
		{14CBDCF3-A8A1-4543-BCA5-A5BA6C2B010C}.Debug|Any CPU.Build.0 = Debug|Any CPU
		{14CBDCF3-A8A1-4543-BCA5-A5BA6C2B010C}.Release|Any CPU.ActiveCfg = Release|Any CPU
		{14CBDCF3-A8A1-4543-BCA5-A5BA6C2B010C}.Release|Any CPU.Build.0 = Release|Any CPU
		{D4CB402E-A876-4FAD-84A6-BD163E15E154}.AppVeyor|Any CPU.ActiveCfg = Release|Any CPU
		{D4CB402E-A876-4FAD-84A6-BD163E15E154}.AppVeyor|Any CPU.Build.0 = Release|Any CPU
		{D4CB402E-A876-4FAD-84A6-BD163E15E154}.Debug|Any CPU.ActiveCfg = Debug|Any CPU
		{D4CB402E-A876-4FAD-84A6-BD163E15E154}.Debug|Any CPU.Build.0 = Debug|Any CPU
		{D4CB402E-A876-4FAD-84A6-BD163E15E154}.Release|Any CPU.ActiveCfg = Release|Any CPU
		{D4CB402E-A876-4FAD-84A6-BD163E15E154}.Release|Any CPU.Build.0 = Release|Any CPU
	EndGlobalSection
	GlobalSection(SolutionProperties) = preSolution
		HideSolutionNode = FALSE
	EndGlobalSection
	GlobalSection(ExtensibilityGlobals) = postSolution
		SolutionGuid = {84F5B5BB-100A-4BCC-85E2-FD3D2ED893C3}
	EndGlobalSection
	GlobalSection(Performance) = preSolution
		HasPerformanceSessions = true
	EndGlobalSection
EndGlobal
