
Microsoft Visual Studio Solution File, Format Version 12.00
# Visual Studio 2012
Project("{FAE04EC0-301F-11D3-BF4B-00C04F79EFBC}") = "SnivellingGit", "src\SnivellingGit\SnivellingGit.csproj", "{D251ACD4-2424-4B0D-B443-F06517233150}"
EndProject
Project("{FAE04EC0-301F-11D3-BF4B-00C04F79EFBC}") = "Sg.Unit.Tests", "src\Sg.Unit.Tests\Sg.Unit.Tests.csproj", "{14CBDCF3-A8A1-4543-BCA5-A5BA6C2B010C}"
EndProject
Global
	GlobalSection(SolutionConfigurationPlatforms) = preSolution
		Debug|Any CPU = Debug|Any CPU
		Release|Any CPU = Release|Any CPU
	EndGlobalSection
	GlobalSection(ProjectConfigurationPlatforms) = postSolution
		{D251ACD4-2424-4B0D-B443-F06517233150}.Debug|Any CPU.ActiveCfg = Debug|Any CPU
		{D251ACD4-2424-4B0D-B443-F06517233150}.Debug|Any CPU.Build.0 = Debug|Any CPU
		{D251ACD4-2424-4B0D-B443-F06517233150}.Release|Any CPU.ActiveCfg = Release|Any CPU
		{D251ACD4-2424-4B0D-B443-F06517233150}.Release|Any CPU.Build.0 = Release|Any CPU
		{14CBDCF3-A8A1-4543-BCA5-A5BA6C2B010C}.Debug|Any CPU.ActiveCfg = Debug|Any CPU
		{14CBDCF3-A8A1-4543-BCA5-A5BA6C2B010C}.Debug|Any CPU.Build.0 = Debug|Any CPU
		{14CBDCF3-A8A1-4543-BCA5-A5BA6C2B010C}.Release|Any CPU.ActiveCfg = Release|Any CPU
		{14CBDCF3-A8A1-4543-BCA5-A5BA6C2B010C}.Release|Any CPU.Build.0 = Release|Any CPU
	EndGlobalSection
	GlobalSection(SolutionProperties) = preSolution
		HideSolutionNode = FALSE
	EndGlobalSection
EndGlobal
